PODS:
  - NonScrollView (0.1.0):
    - NonScrollView/Core (= 0.1.0)
  - NonScrollView/Containers (0.1.0)
  - NonScrollView/Core (0.1.0)
  - Reveal-SDK (19)

DEPENDENCIES:
  - NonScrollView (from `../`)
  - NonScrollView/Containers (from `../`)
  - Reveal-SDK (~> 19)

SPEC REPOS:
  https://github.com/cocoapods/specs.git:
    - Reveal-SDK

EXTERNAL SOURCES:
  NonScrollView:
    :path: "../"

SPEC CHECKSUMS:
  NonScrollView: 53901f4a1f433ada970b157333893bc3f05ee4ed
  Reveal-SDK: 9f0d2c6c12eb7507921e5454ac165b7aa21140a4

PODFILE CHECKSUM: 60803bab57c0a96c6ecccda79e34a3ba02e02e6d

COCOAPODS: 1.5.3
